
Microsoft Visual Studio Solution File, Format Version 12.00
# Visual Studio Version 17
VisualStudioVersion = 17.0.31912.275
MinimumVisualStudioVersion = 10.0.40219.1
Project("{FAE04EC0-301F-11D3-BF4B-00C04F79EFBC}") = "LocalGPOSRPCLI", "LocalGPCLI\LocalGPOSRPCLI.csproj", "{37D9D706-7A9E-4A50-974F-BC13BD0B9D27}"
EndProject
Global
	GlobalSection(SolutionConfigurationPlatforms) = preSolution
		Debug|Any CPU = Debug|Any CPU
		Release|Any CPU = Release|Any CPU
	EndGlobalSection
	GlobalSection(ProjectConfigurationPlatforms) = postSolution
		{37D9D706-7A9E-4A50-974F-BC13BD0B9D27}.Debug|Any CPU.ActiveCfg = Debug|Any CPU
		{37D9D706-7A9E-4A50-974F-BC13BD0B9D27}.Debug|Any CPU.Build.0 = Debug|Any CPU
		{37D9D706-7A9E-4A50-974F-BC13BD0B9D27}.Release|Any CPU.ActiveCfg = Release|Any CPU
		{37D9D706-7A9E-4A50-974F-BC13BD0B9D27}.Release|Any CPU.Build.0 = Release|Any CPU
	EndGlobalSection
	GlobalSection(SolutionProperties) = preSolution
		HideSolutionNode = FALSE
	EndGlobalSection
	GlobalSection(ExtensibilityGlobals) = postSolution
		SolutionGuid = {79B55668-8B04-4D04-BFF1-18A2585F62CF}
	EndGlobalSection
EndGlobal
